
Microsoft Visual Studio Solution File, Format Version 11.00
# Visual Studio 2010
Project("{FAE04EC0-301F-11D3-BF4B-00C04F79EFBC}") = "csharp", "csharp.csproj", "{E441329A-B069-4DA2-A39C-A35F5ED40C20}"
EndProject
Project("{FAE04EC0-301F-11D3-BF4B-00C04F79EFBC}") = "tests", "tests\tests.csproj", "{588E2DAF-CE6B-4109-8C33-BD9632311A4C}"
EndProject
Project("{2150E333-8FDC-42A3-9474-1A3956D46DE8}") = "Solution Items", "Solution Items", "{CB36FC62-5F0B-4708-B4D9-0DE16F8B6D01}"
	ProjectSection(SolutionItems) = preProject
		csharp.vsmdi = csharp.vsmdi
		Local.testsettings = Local.testsettings
		TraceAndTestImpact.testsettings = TraceAndTestImpact.testsettings
	EndProjectSection
EndProject
Global
	GlobalSection(TestCaseManagementSettings) = postSolution
		CategoryFile = csharp.vsmdi
	EndGlobalSection
	GlobalSection(SolutionConfigurationPlatforms) = preSolution
		Debug|Any CPU = Debug|Any CPU
		Release|Any CPU = Release|Any CPU
	EndGlobalSection
	GlobalSection(ProjectConfigurationPlatforms) = postSolution
		{E441329A-B069-4DA2-A39C-A35F5ED40C20}.Debug|Any CPU.ActiveCfg = Debug|Any CPU
		{E441329A-B069-4DA2-A39C-A35F5ED40C20}.Debug|Any CPU.Build.0 = Debug|Any CPU
		{E441329A-B069-4DA2-A39C-A35F5ED40C20}.Release|Any CPU.ActiveCfg = Release|Any CPU
		{E441329A-B069-4DA2-A39C-A35F5ED40C20}.Release|Any CPU.Build.0 = Release|Any CPU
		{588E2DAF-CE6B-4109-8C33-BD9632311A4C}.Debug|Any CPU.ActiveCfg = Debug|Any CPU
		{588E2DAF-CE6B-4109-8C33-BD9632311A4C}.Debug|Any CPU.Build.0 = Debug|Any CPU
		{588E2DAF-CE6B-4109-8C33-BD9632311A4C}.Release|Any CPU.ActiveCfg = Release|Any CPU
		{588E2DAF-CE6B-4109-8C33-BD9632311A4C}.Release|Any CPU.Build.0 = Release|Any CPU
	EndGlobalSection
	GlobalSection(SolutionProperties) = preSolution
		HideSolutionNode = FALSE
	EndGlobalSection
EndGlobal
